
Microsoft Visual Studio Solution File, Format Version 12.00
# Visual Studio 15
Project("{FAE04EC0-301F-11D3-BF4B-00C04F79EFBC}") = "Lab2", "Lab2\Lab2.csproj", "{AB188ED8-E7B8-42BA-8567-A89ACE4226EB}"
EndProject
Global
	GlobalSection(SolutionConfigurationPlatforms) = preSolution
		Debug|Any CPU = Debug|Any CPU
		Release|Any CPU = Release|Any CPU
	EndGlobalSection
	GlobalSection(ProjectConfigurationPlatforms) = postSolution
		{AB188ED8-E7B8-42BA-8567-A89ACE4226EB}.Debug|Any CPU.ActiveCfg = Debug|Any CPU
		{AB188ED8-E7B8-42BA-8567-A89ACE4226EB}.Debug|Any CPU.Build.0 = Debug|Any CPU
		{AB188ED8-E7B8-42BA-8567-A89ACE4226EB}.Release|Any CPU.ActiveCfg = Release|Any CPU
		{AB188ED8-E7B8-42BA-8567-A89ACE4226EB}.Release|Any CPU.Build.0 = Release|Any CPU
	EndGlobalSection
EndGlobal
